
Microsoft Visual Studio Solution File, Format Version 12.00
# Visual Studio 17
VisualStudioVersion = 15.0.28307.329
MinimumVisualStudioVersion = 10.0.40219.1
Project("{FAE04EC0-301F-11D3-BF4B-00C04F79EFBC}") = "Bot", "Bot\Bot.csproj", "{551086ED-CEDA-4214-8D4E-5A9814296219}"
EndProject
Global
	GlobalSection(SolutionConfigurationPlatforms) = preSolution
		Debug|Any CPU = Debug|Any CPU
		Release|Any CPU = Release|Any CPU
	EndGlobalSection
	GlobalSection(ProjectConfigurationPlatforms) = postSolution
		{551086ED-CEDA-4214-8D4E-5A9814296219}.Debug|Any CPU.ActiveCfg = Debug|Any CPU
		{551086ED-CEDA-4214-8D4E-5A9814296219}.Debug|Any CPU.Build.0 = Debug|Any CPU
		{551086ED-CEDA-4214-8D4E-5A9814296219}.Release|Any CPU.ActiveCfg = Release|Any CPU
		{551086ED-CEDA-4214-8D4E-5A9814296219}.Release|Any CPU.Build.0 = Release|Any CPU
	EndGlobalSection
	GlobalSection(SolutionProperties) = preSolution
		HideSolutionNode = FALSE
	EndGlobalSection
	GlobalSection(ExtensibilityGlobals) = postSolution
		SolutionGuid = {38208CD3-8569-4D1B-AC6E-679EA0B41564}
	EndGlobalSection
EndGlobal
